Microsoft Visual Studio Solution File, Format Version 12.00
# Visual Studio 14
VisualStudioVersion = 14.0.25420.1
MinimumVisualStudioVersion = 10.0.40219.1
Project("{FAE04EC0-301F-11D3-BF4B-00C04F79EFBC}") = "CollectionArray", "CollectionArray\CollectionArray.csproj", "{DD92A2F6-B186-45B3-A2D1-B84E9F1E1461}"
EndProject
Project("{FAE04EC0-301F-11D3-BF4B-00C04F79EFBC}") = "SortSearchBasic", "SortSearchBasic\SortSearchBasic.csproj", "{053A79D4-C8B6-433E-A7CC-0FB4DD362F2F}"
EndProject
Project("{FAE04EC0-301F-11D3-BF4B-00C04F79EFBC}") = "StackQueue", "StackQueue\StackQueue.csproj", "{9FB5E8D1-6B1F-4E32-A292-3B8FFC56F36A}"
EndProject
Project("{FAE04EC0-301F-11D3-BF4B-00C04F79EFBC}") = "BitArrayCh", "BitArrayCh\BitArrayCh.csproj", "{840247C4-ABFD-4C8C-A68A-A0B274E486C8}"
EndProject
Project("{FAE04EC0-301F-11D3-BF4B-00C04F79EFBC}") = "StringCh", "StringCh\StringCh.csproj", "{C5431154-FF03-425C-840B-8E9B0A946775}"
EndProject
Project("{FAE04EC0-301F-11D3-BF4B-00C04F79EFBC}") = "RegExCh", "RegExCh\RegExCh.csproj", "{8C579A9F-F3E7-4A67-B2C0-D4E9441BDFB0}"
EndProject
Global
	GlobalSection(SolutionConfigurationPlatforms) = preSolution
		Debug|Any CPU = Debug|Any CPU
		Release|Any CPU = Release|Any CPU
	EndGlobalSection
	GlobalSection(ProjectConfigurationPlatforms) = postSolution
		{DD92A2F6-B186-45B3-A2D1-B84E9F1E1461}.Debug|Any CPU.ActiveCfg = Debug|Any CPU
		{DD92A2F6-B186-45B3-A2D1-B84E9F1E1461}.Debug|Any CPU.Build.0 = Debug|Any CPU
		{DD92A2F6-B186-45B3-A2D1-B84E9F1E1461}.Release|Any CPU.ActiveCfg = Release|Any CPU
		{DD92A2F6-B186-45B3-A2D1-B84E9F1E1461}.Release|Any CPU.Build.0 = Release|Any CPU
		{053A79D4-C8B6-433E-A7CC-0FB4DD362F2F}.Debug|Any CPU.ActiveCfg = Debug|Any CPU
		{053A79D4-C8B6-433E-A7CC-0FB4DD362F2F}.Debug|Any CPU.Build.0 = Debug|Any CPU
		{053A79D4-C8B6-433E-A7CC-0FB4DD362F2F}.Release|Any CPU.ActiveCfg = Release|Any CPU
		{053A79D4-C8B6-433E-A7CC-0FB4DD362F2F}.Release|Any CPU.Build.0 = Release|Any CPU
		{9FB5E8D1-6B1F-4E32-A292-3B8FFC56F36A}.Debug|Any CPU.ActiveCfg = Debug|Any CPU
		{9FB5E8D1-6B1F-4E32-A292-3B8FFC56F36A}.Debug|Any CPU.Build.0 = Debug|Any CPU
		{9FB5E8D1-6B1F-4E32-A292-3B8FFC56F36A}.Release|Any CPU.ActiveCfg = Release|Any CPU
		{9FB5E8D1-6B1F-4E32-A292-3B8FFC56F36A}.Release|Any CPU.Build.0 = Release|Any CPU
		{840247C4-ABFD-4C8C-A68A-A0B274E486C8}.Debug|Any CPU.ActiveCfg = Debug|Any CPU
		{840247C4-ABFD-4C8C-A68A-A0B274E486C8}.Debug|Any CPU.Build.0 = Debug|Any CPU
		{840247C4-ABFD-4C8C-A68A-A0B274E486C8}.Release|Any CPU.ActiveCfg = Release|Any CPU
		{840247C4-ABFD-4C8C-A68A-A0B274E486C8}.Release|Any CPU.Build.0 = Release|Any CPU
		{C5431154-FF03-425C-840B-8E9B0A946775}.Debug|Any CPU.ActiveCfg = Debug|Any CPU
		{C5431154-FF03-425C-840B-8E9B0A946775}.Debug|Any CPU.Build.0 = Debug|Any CPU
		{C5431154-FF03-425C-840B-8E9B0A946775}.Release|Any CPU.ActiveCfg = Release|Any CPU
		{C5431154-FF03-425C-840B-8E9B0A946775}.Release|Any CPU.Build.0 = Release|Any CPU
		{8C579A9F-F3E7-4A67-B2C0-D4E9441BDFB0}.Debug|Any CPU.ActiveCfg = Debug|Any CPU
		{8C579A9F-F3E7-4A67-B2C0-D4E9441BDFB0}.Debug|Any CPU.Build.0 = Debug|Any CPU
		{8C579A9F-F3E7-4A67-B2C0-D4E9441BDFB0}.Release|Any CPU.ActiveCfg = Release|Any CPU
		{8C579A9F-F3E7-4A67-B2C0-D4E9441BDFB0}.Release|Any CPU.Build.0 = Release|Any CPU
	EndGlobalSection
	GlobalSection(SolutionProperties) = preSolution
		HideSolutionNode = FALSE
	EndGlobalSection
EndGlobal
