
Microsoft Visual Studio Solution File, Format Version 12.00
# Visual Studio 14
VisualStudioVersion = 14.0.25420.1
MinimumVisualStudioVersion = 10.0.40219.1
Project("{FAE04EC0-301F-11D3-BF4B-00C04F79EFBC}") = "List", "List\List.csproj", "{EA73DCB8-9E8D-418E-B547-918748180576}"
EndProject
Project("{FAE04EC0-301F-11D3-BF4B-00C04F79EFBC}") = "StackQueue", "StackQueue\StackQueue.csproj", "{F428CB89-676C-4120-BD3C-795AF70FD3BF}"
EndProject
Project("{FAE04EC0-301F-11D3-BF4B-00C04F79EFBC}") = "String", "String\String.csproj", "{F14F67EB-8D5A-42C4-8EE7-F69FAD61C9EE}"
EndProject
Project("{FAE04EC0-301F-11D3-BF4B-00C04F79EFBC}") = "TreeCh", "TreeCh\TreeCh.csproj", "{1BA2B7EE-E311-4643-8443-47B7CE237C6E}"
EndProject
Project("{FAE04EC0-301F-11D3-BF4B-00C04F79EFBC}") = "RegExCh", "RegExCh\RegExCh.csproj", "{2B1652EA-133B-4486-BB38-0D347C9CC9CE}"
EndProject
Project("{FAE04EC0-301F-11D3-BF4B-00C04F79EFBC}") = "DictCh", "DictCh\DictCh.csproj", "{AC3CB324-FC90-4975-9F2B-5DE802447A52}"
EndProject
Project("{FAE04EC0-301F-11D3-BF4B-00C04F79EFBC}") = "DS", "DS\DS.csproj", "{6544D033-240C-46F5-805E-B73DB0BD896F}"
EndProject
Project("{FAE04EC0-301F-11D3-BF4B-00C04F79EFBC}") = "HuffTree", "HuffTree\HuffTree.csproj", "{22FF75DD-2B88-4B13-96DB-B4C1AC70AA82}"
EndProject
Global
	GlobalSection(SolutionConfigurationPlatforms) = preSolution
		Debug|Any CPU = Debug|Any CPU
		Release|Any CPU = Release|Any CPU
	EndGlobalSection
	GlobalSection(ProjectConfigurationPlatforms) = postSolution
		{EA73DCB8-9E8D-418E-B547-918748180576}.Debug|Any CPU.ActiveCfg = Debug|Any CPU
		{EA73DCB8-9E8D-418E-B547-918748180576}.Debug|Any CPU.Build.0 = Debug|Any CPU
		{EA73DCB8-9E8D-418E-B547-918748180576}.Release|Any CPU.ActiveCfg = Release|Any CPU
		{EA73DCB8-9E8D-418E-B547-918748180576}.Release|Any CPU.Build.0 = Release|Any CPU
		{F428CB89-676C-4120-BD3C-795AF70FD3BF}.Debug|Any CPU.ActiveCfg = Debug|Any CPU
		{F428CB89-676C-4120-BD3C-795AF70FD3BF}.Debug|Any CPU.Build.0 = Debug|Any CPU
		{F428CB89-676C-4120-BD3C-795AF70FD3BF}.Release|Any CPU.ActiveCfg = Release|Any CPU
		{F428CB89-676C-4120-BD3C-795AF70FD3BF}.Release|Any CPU.Build.0 = Release|Any CPU
		{F14F67EB-8D5A-42C4-8EE7-F69FAD61C9EE}.Debug|Any CPU.ActiveCfg = Debug|Any CPU
		{F14F67EB-8D5A-42C4-8EE7-F69FAD61C9EE}.Debug|Any CPU.Build.0 = Debug|Any CPU
		{F14F67EB-8D5A-42C4-8EE7-F69FAD61C9EE}.Release|Any CPU.ActiveCfg = Release|Any CPU
		{F14F67EB-8D5A-42C4-8EE7-F69FAD61C9EE}.Release|Any CPU.Build.0 = Release|Any CPU
		{1BA2B7EE-E311-4643-8443-47B7CE237C6E}.Debug|Any CPU.ActiveCfg = Debug|Any CPU
		{1BA2B7EE-E311-4643-8443-47B7CE237C6E}.Debug|Any CPU.Build.0 = Debug|Any CPU
		{1BA2B7EE-E311-4643-8443-47B7CE237C6E}.Release|Any CPU.ActiveCfg = Release|Any CPU
		{1BA2B7EE-E311-4643-8443-47B7CE237C6E}.Release|Any CPU.Build.0 = Release|Any CPU
		{2B1652EA-133B-4486-BB38-0D347C9CC9CE}.Debug|Any CPU.ActiveCfg = Debug|Any CPU
		{2B1652EA-133B-4486-BB38-0D347C9CC9CE}.Debug|Any CPU.Build.0 = Debug|Any CPU
		{2B1652EA-133B-4486-BB38-0D347C9CC9CE}.Release|Any CPU.ActiveCfg = Release|Any CPU
		{2B1652EA-133B-4486-BB38-0D347C9CC9CE}.Release|Any CPU.Build.0 = Release|Any CPU
		{AC3CB324-FC90-4975-9F2B-5DE802447A52}.Debug|Any CPU.ActiveCfg = Debug|Any CPU
		{AC3CB324-FC90-4975-9F2B-5DE802447A52}.Debug|Any CPU.Build.0 = Debug|Any CPU
		{AC3CB324-FC90-4975-9F2B-5DE802447A52}.Release|Any CPU.ActiveCfg = Release|Any CPU
		{AC3CB324-FC90-4975-9F2B-5DE802447A52}.Release|Any CPU.Build.0 = Release|Any CPU
		{6544D033-240C-46F5-805E-B73DB0BD896F}.Debug|Any CPU.ActiveCfg = Debug|Any CPU
		{6544D033-240C-46F5-805E-B73DB0BD896F}.Debug|Any CPU.Build.0 = Debug|Any CPU
		{6544D033-240C-46F5-805E-B73DB0BD896F}.Release|Any CPU.ActiveCfg = Release|Any CPU
		{6544D033-240C-46F5-805E-B73DB0BD896F}.Release|Any CPU.Build.0 = Release|Any CPU
		{22FF75DD-2B88-4B13-96DB-B4C1AC70AA82}.Debug|Any CPU.ActiveCfg = Debug|Any CPU
		{22FF75DD-2B88-4B13-96DB-B4C1AC70AA82}.Debug|Any CPU.Build.0 = Debug|Any CPU
		{22FF75DD-2B88-4B13-96DB-B4C1AC70AA82}.Release|Any CPU.ActiveCfg = Release|Any CPU
		{22FF75DD-2B88-4B13-96DB-B4C1AC70AA82}.Release|Any CPU.Build.0 = Release|Any CPU
	EndGlobalSection
	GlobalSection(SolutionProperties) = preSolution
		HideSolutionNode = FALSE
	EndGlobalSection
EndGlobal
